<?xml version="1.0" encoding="utf-8"?>
<Project ToolsVersion="4.0" xmlns="http://schemas.microsoft.com/developer/msbuild/2003">
  <ItemGroup>
    <Filter Include="Source Files">
      <UniqueIdentifier>{4FC737F1-C7A5-4376-A066-2A32D752A2FF}</UniqueIdentifier>
      <Extensions>cpp;c;cc;cxx;def;odl;idl;hpj;bat;asm;asmx</Extensions>
    </Filter>
    <Filter Include="Header Files">
      <UniqueIdentifier>{93995380-89BD-4b04-88EB-625FBE52EBFB}</UniqueIdentifier>
      <Extensions>h;hh;hpp;hxx;hm;inl;inc;xsd</Extensions>
    </Filter>
    <Filter Include="Resource Files">
      <UniqueIdentifier>{67DA6AB6-F800-4c08-8B7A-83BB121AAD01}</UniqueIdentifier>
      <Extensions>rc;ico;cur;bmp;dlg;rc2;rct;bin;rgs;gif;jpg;jpeg;jpe;resx;tiff;tif;png;wav;mfcribbon-ms</Extensions>
    </Filter>
  </ItemGroup>
  <ItemGroup>
    <ClInclude Include="Entidade.h">
      <Filter>Header Files</Filter>
    </ClInclude>
    <ClInclude Include="Personagem.h">
      <Filter>Header Files</Filter>
    </ClInclude>
    <ClInclude Include="Inimigo.h">
      <Filter>Header Files</Filter>
    </ClInclude>
    <ClInclude Include="Jogador.h">
      <Filter>Header Files</Filter>
    </ClInclude>
    <ClInclude Include="Projetil.h">
      <Filter>Header Files</Filter>
    </ClInclude>
    <ClInclude Include="Mosqueteiro.h">
      <Filter>Header Files</Filter>
    </ClInclude>
    <ClInclude Include="Plataforma.h">
      <Filter>Header Files</Filter>
    </ClInclude>
    <ClInclude Include="Corda.h">
      <Filter>Header Files</Filter>
    </ClInclude>
    <ClInclude Include="Arma.h">
      <Filter>Header Files</Filter>
    </ClInclude>
    <ClInclude Include="Espada.h">
      <Filter>Header Files</Filter>
    </ClInclude>
    <ClInclude Include="Fase.h">
      <Filter>Header Files</Filter>
    </ClInclude>
    <ClInclude Include="ListaEntidades.h">
      <Filter>Header Files</Filter>
    </ClInclude>
    <ClInclude Include="Jogo.h">
      <Filter>Header Files</Filter>
    </ClInclude>
    <ClInclude Include="Obstaculo.h">
      <Filter>Header Files</Filter>
    </ClInclude>
    <ClInclude Include="Espinho.h">
      <Filter>Header Files</Filter>
    </ClInclude>
    <ClInclude Include="Armadilha.h">
      <Filter>Header Files</Filter>
    </ClInclude>
    <ClInclude Include="Rede.h">
      <Filter>Header Files</Filter>
    </ClInclude>
    <ClInclude Include="ArmaDeAlcance.h">
      <Filter>Header Files</Filter>
    </ClInclude>
    <ClInclude Include="Arco.h">
      <Filter>Header Files</Filter>
    </ClInclude>
    <ClInclude Include="Mosquete.h">
      <Filter>Header Files</Filter>
    </ClInclude>
    <ClInclude Include="Lanca.h">
      <Filter>Header Files</Filter>
    </ClInclude>
    <ClInclude Include="EspadachimCavaleiro.h">
      <Filter>Header Files</Filter>
    </ClInclude>
    <ClInclude Include="Espadachim.h">
      <Filter>Header Files</Filter>
    </ClInclude>
    <ClInclude Include="ChefaoCapitao.h">
      <Filter>Header Files</Filter>
    </ClInclude>
    <ClInclude Include="ListaFases.h">
      <Filter>Header Files</Filter>
    </ClInclude>
    <ClInclude Include="Fase1.h">
      <Filter>Header Files</Filter>
    </ClInclude>
    <ClInclude Include="Fase2.h">
      <Filter>Header Files</Filter>
    </ClInclude>
    <ClInclude Include="FaseFinal.h">
      <Filter>Header Files</Filter>
    </ClInclude>
  </ItemGroup>
  <ItemGroup>
    <ClCompile Include="Entidade.cpp">
      <Filter>Source Files</Filter>
    </ClCompile>
    <ClCompile Include="Source.cpp">
      <Filter>Source Files</Filter>
    </ClCompile>
    <ClCompile Include="Personagem.cpp">
      <Filter>Source Files</Filter>
    </ClCompile>
    <ClCompile Include="Inimigo.cpp">
      <Filter>Source Files</Filter>
    </ClCompile>
    <ClCompile Include="Jogador.cpp">
      <Filter>Source Files</Filter>
    </ClCompile>
    <ClCompile Include="Projetil.cpp">
      <Filter>Source Files</Filter>
    </ClCompile>
    <ClCompile Include="Mosqueteiro.cpp">
      <Filter>Source Files</Filter>
    </ClCompile>
    <ClCompile Include="Plataforma.cpp">
      <Filter>Source Files</Filter>
    </ClCompile>
    <ClCompile Include="Corda.cpp">
      <Filter>Source Files</Filter>
    </ClCompile>
    <ClCompile Include="Arma.cpp">
      <Filter>Source Files</Filter>
    </ClCompile>
    <ClCompile Include="Espada.cpp">
      <Filter>Source Files</Filter>
    </ClCompile>
    <ClCompile Include="Fase.cpp">
      <Filter>Source Files</Filter>
    </ClCompile>
    <ClCompile Include="ListaEntidades.cpp">
      <Filter>Source Files</Filter>
    </ClCompile>
    <ClCompile Include="Jogo.cpp">
      <Filter>Source Files</Filter>
    </ClCompile>
    <ClCompile Include="Obstaculo.cpp">
      <Filter>Source Files</Filter>
    </ClCompile>
    <ClCompile Include="Espinho.cpp">
      <Filter>Source Files</Filter>
    </ClCompile>
    <ClCompile Include="Armadilha.cpp">
      <Filter>Source Files</Filter>
    </ClCompile>
    <ClCompile Include="Rede.cpp">
      <Filter>Source Files</Filter>
    </ClCompile>
    <ClCompile Include="ArmaDeAlcance.cpp">
      <Filter>Source Files</Filter>
    </ClCompile>
    <ClCompile Include="Arco.cpp">
      <Filter>Source Files</Filter>
    </ClCompile>
    <ClCompile Include="Mosquete.cpp">
      <Filter>Source Files</Filter>
    </ClCompile>
    <ClCompile Include="Lanca.cpp">
      <Filter>Source Files</Filter>
    </ClCompile>
    <ClCompile Include="EspadachimCavaleiro.cpp">
      <Filter>Source Files</Filter>
    </ClCompile>
    <ClCompile Include="Espadachim.cpp">
      <Filter>Source Files</Filter>
    </ClCompile>
    <ClCompile Include="ChefaoCapitao.cpp">
      <Filter>Source Files</Filter>
    </ClCompile>
    <ClCompile Include="ListaFases.cpp">
      <Filter>Source Files</Filter>
    </ClCompile>
    <ClCompile Include="Fase1.cpp">
      <Filter>Source Files</Filter>
    </ClCompile>
    <ClCompile Include="Fase2.cpp">
      <Filter>Source Files</Filter>
    </ClCompile>
    <ClCompile Include="FaseFinal.cpp">
      <Filter>Source Files</Filter>
    </ClCompile>
  </ItemGroup>
  <ItemGroup>
    <None Include="packages.config" />
  </ItemGroup>
</Project>